
Microsoft Visual Studio Solution File, Format Version 12.00
# Visual Studio Version 17
VisualStudioVersion = 17.3.32804.467
MinimumVisualStudioVersion = 10.0.40219.1
Project("{8BC9CEB8-8B4A-11D0-8D11-00A0C91BC942}") = "Path Visualizer", "Path Visualizer\Path Visualizer.vcxproj", "{996F3E3C-4406-4341-9364-71F059C394D4}"
EndProject
Global
	GlobalSection(SolutionConfigurationPlatforms) = preSolution
		Debug|x64 = Debug|x64
		Debug|x86 = Debug|x86
		Release|x64 = Release|x64
		Release|x86 = Release|x86
	EndGlobalSection
	GlobalSection(ProjectConfigurationPlatforms) = postSolution
		{996F3E3C-4406-4341-9364-71F059C394D4}.Debug|x64.ActiveCfg = Debug|x64
		{996F3E3C-4406-4341-9364-71F059C394D4}.Debug|x64.Build.0 = Debug|x64
		{996F3E3C-4406-4341-9364-71F059C394D4}.Debug|x86.ActiveCfg = Debug|Win32
		{996F3E3C-4406-4341-9364-71F059C394D4}.Debug|x86.Build.0 = Debug|Win32
		{996F3E3C-4406-4341-9364-71F059C394D4}.Release|x64.ActiveCfg = Release|x64
		{996F3E3C-4406-4341-9364-71F059C394D4}.Release|x64.Build.0 = Release|x64
		{996F3E3C-4406-4341-9364-71F059C394D4}.Release|x86.ActiveCfg = Release|Win32
		{996F3E3C-4406-4341-9364-71F059C394D4}.Release|x86.Build.0 = Release|Win32
	EndGlobalSection
	GlobalSection(SolutionProperties) = preSolution
		HideSolutionNode = FALSE
	EndGlobalSection
	GlobalSection(ExtensibilityGlobals) = postSolution
		SolutionGuid = {6FA3547C-24C1-48D3-BCF4-85DB6782A80E}
	EndGlobalSection
EndGlobal
